// !$*UTF8*$!
{
	archiveVersion = 1;
	classes = {
	};
	objectVersion = 50;
	objects = {

/* Begin PBXBuildFile section */
		BE06F23224C166AF00B2D809 /* AppDelegate.swift in Sources */ = {isa = PBXBuildFile; fileRef = BE06F23124C166AF00B2D809 /* AppDelegate.swift */; };
		BE06F23424C166AF00B2D809 /* SceneDelegate.swift in Sources */ = {isa = PBXBuildFile; fileRef = BE06F23324C166AF00B2D809 /* SceneDelegate.swift */; };
		BE06F23624C166AF00B2D809 /* ViewController.swift in Sources */ = {isa = PBXBuildFile; fileRef = BE06F23524C166AF00B2D809 /* ViewController.swift */; };
		BE06F23924C166AF00B2D809 /* Main.storyboard in Resources */ = {isa = PBXBuildFile; fileRef = BE06F23724C166AF00B2D809 /* Main.storyboard */; };
		BE06F23B24C166AF00B2D809 /* Assets.xcassets in Resources */ = {isa = PBXBuildFile; fileRef = BE06F23A24C166AF00B2D809 /* Assets.xcassets */; };
		BE06F23E24C166AF00B2D809 /* LaunchScreen.storyboard in Resources */ = {isa = PBXBuildFile; fileRef = BE06F23C24C166AF00B2D809 /* LaunchScreen.storyboard */; };
		BE06F24924C166B000B2D809 /* TippyTests.swift in Sources */ = {isa = PBXBuildFile; fileRef = BE06F24824C166B000B2D809 /* TippyTests.swift */; };
		BE06F25424C166B000B2D809 /* TippyUITests.swift in Sources */ = {isa = PBXBuildFile; fileRef = BE06F25324C166B000B2D809 /* TippyUITests.swift */; };
/* End PBXBuildFile section */

/* Begin PBXContainerItemProxy section */
		BE06F24524C166B000B2D809 /* PBXContainerItemProxy */ = {
			isa = PBXContainerItemProxy;
			containerPortal = BE06F22624C166AF00B2D809 /* Project object */;
			proxyType = 1;
			remoteGlobalIDString = BE06F22D24C166AF00B2D809;
			remoteInfo = Tippy;
		};
		BE06F25024C166B000B2D809 /* PBXContainerItemProxy */ = {
			isa = PBXContainerItemProxy;
			containerPortal = BE06F22624C166AF00B2D809 /* Project object */;
			proxyType = 1;
			remoteGlobalIDString = BE06F22D24C166AF00B2D809;
			remoteInfo = Tippy;
		};
/* End PBXContainerItemProxy section */

/* Begin PBXFileReference section */
		BE06F22E24C166AF00B2D809 /* Tippy.app */ = {isa = PBXFileReference; explicitFileType = wrapper.application; includeInIndex = 0; path = Tippy.app; sourceTree = BUILT_PRODUCTS_DIR; };
		BE06F23124C166AF00B2D809 /* AppDelegate.swift */ = {isa = PBXFileReference; lastKnownFileType = sourcecode.swift; path = AppDelegate.swift; sourceTree = "<group>"; };
		BE06F23324C166AF00B2D809 /* SceneDelegate.swift */ = {isa = PBXFileReference; lastKnownFileType = sourcecode.swift; path = SceneDelegate.swift; sourceTree = "<group>"; };
		BE06F23524C166AF00B2D809 /* ViewController.swift */ = {isa = PBXFileReference; lastKnownFileType = sourcecode.swift; path = ViewController.swift; sourceTree = "<group>"; };
		BE06F23824C166AF00B2D809 /* Base */ = {isa = PBXFileReference; lastKnownFileType = file.storyboard; name = Base; path = Base.lproj/Main.storyboard; sourceTree = "<group>"; };
		BE06F23A24C166AF00B2D809 /* Assets.xcassets */ = {isa = PBXFileReference; lastKnownFileType = folder.assetcatalog; path = Assets.xcassets; sourceTree = "<group>"; };
		BE06F23D24C166AF00B2D809 /* Base */ = {isa = PBXFileReference; lastKnownFileType = file.storyboard; name = Base; path = Base.lproj/LaunchScreen.storyboard; sourceTree = "<group>"; };
		BE06F23F24C166AF00B2D809 /* Info.plist */ = {isa = PBXFileReference; lastKnownFileType = text.plist.xml; path = Info.plist; sourceTree = "<group>"; };
		BE06F24424C166B000B2D809 /* TippyTests.xctest */ = {isa = PBXFileReference; explicitFileType = wrapper.cfbundle; includeInIndex = 0; path = TippyTests.xctest; sourceTree = BUILT_PRODUCTS_DIR; };
		BE06F24824C166B000B2D809 /* TippyTests.swift */ = {isa = PBXFileReference; lastKnownFileType = sourcecode.swift; path = TippyTests.swift; sourceTree = "<group>"; };
		BE06F24A24C166B000B2D809 /* Info.plist */ = {isa = PBXFileReference; lastKnownFileType = text.plist.xml; path = Info.plist; sourceTree = "<group>"; };
		BE06F24F24C166B000B2D809 /* TippyUITests.xctest */ = {isa = PBXFileReference; explicitFileType = wrapper.cfbundle; includeInIndex = 0; path = TippyUITests.xctest; sourceTree = BUILT_PRODUCTS_DIR; };
		BE06F25324C166B000B2D809 /* TippyUITests.swift */ = {isa = PBXFileReference; lastKnownFileType = sourcecode.swift; path = TippyUITests.swift; sourceTree = "<group>"; };
		BE06F25524C166B000B2D809 /* Info.plist */ = {isa = PBXFileReference; lastKnownFileType = text.plist.xml; path = Info.plist; sourceTree = "<group>"; };
/* End PBXFileReference section */

/* Begin PBXFrameworksBuildPhase section */
		BE06F22B24C166AF00B2D809 /* Frameworks */ = {
			isa = PBXFrameworksBuildPhase;
			buildActionMask = 2147483647;
			files = (
			);
			runOnlyForDeploymentPostprocessing = 0;
		};
		BE06F24124C166B000B2D809 /* Frameworks */ = {
			isa = PBXFrameworksBuildPhase;
			buildActionMask = 2147483647;
			files = (
			);
			runOnlyForDeploymentPostprocessing = 0;
		};
		BE06F24C24C166B000B2D809 /* Frameworks */ = {
			isa = PBXFrameworksBuildPhase;
			buildActionMask = 2147483647;
			files = (
			);
			runOnlyForDeploymentPostprocessing = 0;
		};
/* End PBXFrameworksBuildPhase section */

/* Begin PBXGroup section */
		BE06F22524C166AF00B2D809 = {
			isa = PBXGroup;
			children = (
				BE06F23024C166AF00B2D809 /* Tippy */,
				BE06F24724C166B000B2D809 /* TippyTests */,
				BE06F25224C166B000B2D809 /* TippyUITests */,
				BE06F22F24C166AF00B2D809 /* Products */,
			);
			sourceTree = "<group>";
		};
		BE06F22F24C166AF00B2D809 /* Products */ = {
			isa = PBXGroup;
			children = (
				BE06F22E24C166AF00B2D809 /* Tippy.app */,
				BE06F24424C166B000B2D809 /* TippyTests.xctest */,
				BE06F24F24C166B000B2D809 /* TippyUITests.xctest */,
			);
			name = Products;
			sourceTree = "<group>";
		};
		BE06F23024C166AF00B2D809 /* Tippy */ = {
			isa = PBXGroup;
			children = (
				BE06F23124C166AF00B2D809 /* AppDelegate.swift */,
				BE06F23324C166AF00B2D809 /* SceneDelegate.swift */,
				BE06F23524C166AF00B2D809 /* ViewController.swift */,
				BE06F23724C166AF00B2D809 /* Main.storyboard */,
				BE06F23A24C166AF00B2D809 /* Assets.xcassets */,
				BE06F23C24C166AF00B2D809 /* LaunchScreen.storyboard */,
				BE06F23F24C166AF00B2D809 /* Info.plist */,
			);
			path = Tippy;
			sourceTree = "<group>";
		};
		BE06F24724C166B000B2D809 /* TippyTests */ = {
			isa = PBXGroup;
			children = (
				BE06F24824C166B000B2D809 /* TippyTests.swift */,
				BE06F24A24C166B000B2D809 /* Info.plist */,
			);
			path = TippyTests;
			sourceTree = "<group>";
		};
		BE06F25224C166B000B2D809 /* TippyUITests */ = {
			isa = PBXGroup;
			children = (
				BE06F25324C166B000B2D809 /* TippyUITests.swift */,
				BE06F25524C166B000B2D809 /* Info.plist */,
			);
			path = TippyUITests;
			sourceTree = "<group>";
		};
/* End PBXGroup section */

/* Begin PBXNativeTarget section */
		BE06F22D24C166AF00B2D809 /* Tippy */ = {
			isa = PBXNativeTarget;
			buildConfigurationList = BE06F25824C166B000B2D809 /* Build configuration list for PBXNativeTarget "Tippy" */;
			buildPhases = (
				BE06F22A24C166AF00B2D809 /* Sources */,
				BE06F22B24C166AF00B2D809 /* Frameworks */,
				BE06F22C24C166AF00B2D809 /* Resources */,
			);
			buildRules = (
			);
			dependencies = (
			);
			name = Tippy;
			productName = Tippy;
			productReference = BE06F22E24C166AF00B2D809 /* Tippy.app */;
			productType = "com.apple.product-type.application";
		};
		BE06F24324C166B000B2D809 /* TippyTests */ = {
			isa = PBXNativeTarget;
			buildConfigurationList = BE06F25B24C166B000B2D809 /* Build configuration list for PBXNativeTarget "TippyTests" */;
			buildPhases = (
				BE06F24024C166B000B2D809 /* Sources */,
				BE06F24124C166B000B2D809 /* Frameworks */,
				BE06F24224C166B000B2D809 /* Resources */,
			);
			buildRules = (
			);
			dependencies = (
				BE06F24624C166B000B2D809 /* PBXTargetDependency */,
			);
			name = TippyTests;
			productName = TippyTests;
			productReference = BE06F24424C166B000B2D809 /* TippyTests.xctest */;
			productType = "com.apple.product-type.bundle.unit-test";
		};
		BE06F24E24C166B000B2D809 /* TippyUITests */ = {
			isa = PBXNativeTarget;
			buildConfigurationList = BE06F25E24C166B000B2D809 /* Build configuration list for PBXNativeTarget "TippyUITests" */;
			buildPhases = (
				BE06F24B24C166B000B2D809 /* Sources */,
				BE06F24C24C166B000B2D809 /* Frameworks */,
				BE06F24D24C166B000B2D809 /* Resources */,
			);
			buildRules = (
			);
			dependencies = (
				BE06F25124C166B000B2D809 /* PBXTargetDependency */,
			);
			name = TippyUITests;
			productName = TippyUITests;
			productReference = BE06F24F24C166B000B2D809 /* TippyUITests.xctest */;
			productType = "com.apple.product-type.bundle.ui-testing";
		};
/* End PBXNativeTarget section */

/* Begin PBXProject section */
		BE06F22624C166AF00B2D809 /* Project object */ = {
			isa = PBXProject;
			attributes = {
				LastSwiftUpdateCheck = 1160;
				LastUpgradeCheck = 1160;
				ORGANIZATIONNAME = CodePath;
				TargetAttributes = {
					BE06F22D24C166AF00B2D809 = {
						CreatedOnToolsVersion = 11.6;
					};
					BE06F24324C166B000B2D809 = {
						CreatedOnToolsVersion = 11.6;
						TestTargetID = BE06F22D24C166AF00B2D809;
					};
					BE06F24E24C166B000B2D809 = {
						CreatedOnToolsVersion = 11.6;
						TestTargetID = BE06F22D24C166AF00B2D809;
					};
				};
			};
			buildConfigurationList = BE06F22924C166AF00B2D809 /* Build configuration list for PBXProject "Tippy" */;
			compatibilityVersion = "Xcode 9.3";
			developmentRegion = en;
			hasScannedForEncodings = 0;
			knownRegions = (
				en,
				Base,
			);
			mainGroup = BE06F22524C166AF00B2D809;
			productRefGroup = BE06F22F24C166AF00B2D809 /* Products */;
			projectDirPath = "";
			projectRoot = "";
			targets = (
				BE06F22D24C166AF00B2D809 /* Tippy */,
				BE06F24324C166B000B2D809 /* TippyTests */,
				BE06F24E24C166B000B2D809 /* TippyUITests */,
			);
		};
/* End PBXProject section */

/* Begin PBXResourcesBuildPhase section */
		BE06F22C24C166AF00B2D809 /* Resources */ = {
			isa = PBXResourcesBuildPhase;
			buildActionMask = 2147483647;
			files = (
				BE06F23E24C166AF00B2D809 /* LaunchScreen.storyboard in Resources */,
				BE06F23B24C166AF00B2D809 /* Assets.xcassets in Resources */,
				BE06F23924C166AF00B2D809 /* Main.storyboard in Resources */,
			);
			runOnlyForDeploymentPostprocessing = 0;
		};
		BE06F24224C166B000B2D809 /* Resources */ = {
			isa = PBXResourcesBuildPhase;
			buildActionMask = 2147483647;
			files = (
			);
			runOnlyForDeploymentPostprocessing = 0;
		};
		BE06F24D24C166B000B2D809 /* Resources */ = {
			isa = PBXResourcesBuildPhase;
			buildActionMask = 2147483647;
			files = (
			);
			runOnlyForDeploymentPostprocessing = 0;
		};
/* End PBXResourcesBuildPhase section */

/* Begin PBXSourcesBuildPhase section */
		BE06F22A24C166AF00B2D809 /* Sources */ = {
			isa = PBXSourcesBuildPhase;
			buildActionMask = 2147483647;
			files = (
				BE06F23624C166AF00B2D809 /* ViewController.swift in Sources */,
				BE06F23224C166AF00B2D809 /* AppDelegate.swift in Sources */,
				BE06F23424C166AF00B2D809 /* SceneDelegate.swift in Sources */,
			);
			runOnlyForDeploymentPostprocessing = 0;
		};
		BE06F24024C166B000B2D809 /* Sources */ = {
			isa = PBXSourcesBuildPhase;
			buildActionMask = 2147483647;
			files = (
				BE06F24924C166B000B2D809 /* TippyTests.swift in Sources */,
			);
			runOnlyForDeploymentPostprocessing = 0;
		};
		BE06F24B24C166B000B2D809 /* Sources */ = {
			isa = PBXSourcesBuildPhase;
			buildActionMask = 2147483647;
			files = (
				BE06F25424C166B000B2D809 /* TippyUITests.swift in Sources */,
			);
			runOnlyForDeploymentPostprocessing = 0;
		};
/* End PBXSourcesBuildPhase section */

/* Begin PBXTargetDependency section */
		BE06F24624C166B000B2D809 /* PBXTargetDependency */ = {
			isa = PBXTargetDependency;
			target = BE06F22D24C166AF00B2D809 /* Tippy */;
			targetProxy = BE06F24524C166B000B2D809 /* PBXContainerItemProxy */;
		};
		BE06F25124C166B000B2D809 /* PBXTargetDependency */ = {
			isa = PBXTargetDependency;
			target = BE06F22D24C166AF00B2D809 /* Tippy */;
			targetProxy = BE06F25024C166B000B2D809 /* PBXContainerItemProxy */;
		};
/* End PBXTargetDependency section */

/* Begin PBXVariantGroup section */
		BE06F23724C166AF00B2D809 /* Main.storyboard */ = {
			isa = PBXVariantGroup;
			children = (
				BE06F23824C166AF00B2D809 /* Base */,
			);
			name = Main.storyboard;
			sourceTree = "<group>";
		};
		BE06F23C24C166AF00B2D809 /* LaunchScreen.storyboard */ = {
			isa = PBXVariantGroup;
			children = (
				BE06F23D24C166AF00B2D809 /* Base */,
			);
			name = LaunchScreen.storyboard;
			sourceTree = "<group>";
		};
/* End PBXVariantGroup section */

/* Begin XCBuildConfiguration section */
		BE06F25624C166B000B2D809 /* Debug */ = {
			isa = XCBuildConfiguration;
			buildSettings = {
				ALWAYS_SEARCH_USER_PATHS = NO;
				CLANG_ANALYZER_NONNULL = YES;
				CLANG_ANALYZER_NUMBER_OBJECT_CONVERSION = YES_AGGRESSIVE;
				CLANG_CXX_LANGUAGE_STANDARD = "gnu++14";
				CLANG_CXX_LIBRARY = "libc++";
				CLANG_ENABLE_MODULES = YES;
				CLANG_ENABLE_OBJC_ARC = YES;
				CLANG_ENABLE_OBJC_WEAK = YES;
				CLANG_WARN_BLOCK_CAPTURE_AUTORELEASING = YES;
				CLANG_WARN_BOOL_CONVERSION = YES;
				CLANG_WARN_COMMA = YES;
				CLANG_WARN_CONSTANT_CONVERSION = YES;
				CLANG_WARN_DEPRECATED_OBJC_IMPLEMENTATIONS = YES;
				CLANG_WARN_DIRECT_OBJC_ISA_USAGE = YES_ERROR;
				CLANG_WARN_DOCUMENTATION_COMMENTS = YES;
				CLANG_WARN_EMPTY_BODY = YES;
				CLANG_WARN_ENUM_CONVERSION = YES;
				CLANG_WARN_INFINITE_RECURSION = YES;
				CLANG_WARN_INT_CONVERSION = YES;
				CLANG_WARN_NON_LITERAL_NULL_CONVERSION = YES;
				CLANG_WARN_OBJC_IMPLICIT_RETAIN_SELF = YES;
				CLANG_WARN_OBJC_LITERAL_CONVERSION = YES;
				CLANG_WARN_OBJC_ROOT_CLASS = YES_ERROR;
				CLANG_WARN_RANGE_LOOP_ANALYSIS = YES;
				CLANG_WARN_STRICT_PROTOTYPES = YES;
				CLANG_WARN_SUSPICIOUS_MOVE = YES;
				CLANG_WARN_UNGUARDED_AVAILABILITY = YES_AGGRESSIVE;
				CLANG_WARN_UNREACHABLE_CODE = YES;
				CLANG_WARN__DUPLICATE_METHOD_MATCH = YES;
				COPY_PHASE_STRIP = NO;
				DEBUG_INFORMATION_FORMAT = dwarf;
				ENABLE_STRICT_OBJC_MSGSEND = YES;
				ENABLE_TESTABILITY = YES;
				GCC_C_LANGUAGE_STANDARD = gnu11;
				GCC_DYNAMIC_NO_PIC = NO;
				GCC_NO_COMMON_BLOCKS = YES;
				GCC_OPTIMIZATION_LEVEL = 0;
				GCC_PREPROCESSOR_DEFINITIONS = (
					"DEBUG=1",
					"$(inherited)",
				);
				GCC_WARN_64_TO_32_BIT_CONVERSION = YES;
				GCC_WARN_ABOUT_RETURN_TYPE = YES_ERROR;
				GCC_WARN_UNDECLARED_SELECTOR = YES;
				GCC_WARN_UNINITIALIZED_AUTOS = YES_AGGRESSIVE;
				GCC_WARN_UNUSED_FUNCTION = YES;
				GCC_WARN_UNUSED_VARIABLE = YES;
				IPHONEOS_DEPLOYMENT_TARGET = 13.6;
				MTL_ENABLE_DEBUG_INFO = INCLUDE_SOURCE;
				MTL_FAST_MATH = YES;
				ONLY_ACTIVE_ARCH = YES;
				SDKROOT = iphoneos;
				SWIFT_ACTIVE_COMPILATION_CONDITIONS = DEBUG;
				SWIFT_OPTIMIZATION_LEVEL = "-Onone";
			};
			name = Debug;
		};
		BE06F25724C166B000B2D809 /* Release */ = {
			isa = XCBuildConfiguration;
			buildSettings = {
				ALWAYS_SEARCH_USER_PATHS = NO;
				CLANG_ANALYZER_NONNULL = YES;
				CLANG_ANALYZER_NUMBER_OBJECT_CONVERSION = YES_AGGRESSIVE;
				CLANG_CXX_LANGUAGE_STANDARD = "gnu++14";
				CLANG_CXX_LIBRARY = "libc++";
				CLANG_ENABLE_MODULES = YES;
				CLANG_ENABLE_OBJC_ARC = YES;
				CLANG_ENABLE_OBJC_WEAK = YES;
				CLANG_WARN_BLOCK_CAPTURE_AUTORELEASING = YES;
				CLANG_WARN_BOOL_CONVERSION = YES;
				CLANG_WARN_COMMA = YES;
				CLANG_WARN_CONSTANT_CONVERSION = YES;
				CLANG_WARN_DEPRECATED_OBJC_IMPLEMENTATIONS = YES;
				CLANG_WARN_DIRECT_OBJC_ISA_USAGE = YES_ERROR;
				CLANG_WARN_DOCUMENTATION_COMMENTS = YES;
				CLANG_WARN_EMPTY_BODY = YES;
				CLANG_WARN_ENUM_CONVERSION = YES;
				CLANG_WARN_INFINITE_RECURSION = YES;
				CLANG_WARN_INT_CONVERSION = YES;
				CLANG_WARN_NON_LITERAL_NULL_CONVERSION = YES;
				CLANG_WARN_OBJC_IMPLICIT_RETAIN_SELF = YES;
				CLANG_WARN_OBJC_LITERAL_CONVERSION = YES;
				CLANG_WARN_OBJC_ROOT_CLASS = YES_ERROR;
				CLANG_WARN_RANGE_LOOP_ANALYSIS = YES;
				CLANG_WARN_STRICT_PROTOTYPES = YES;
				CLANG_WARN_SUSPICIOUS_MOVE = YES;
				CLANG_WARN_UNGUARDED_AVAILABILITY = YES_AGGRESSIVE;
				CLANG_WARN_UNREACHABLE_CODE = YES;
				CLANG_WARN__DUPLICATE_METHOD_MATCH = YES;
				COPY_PHASE_STRIP = NO;
				DEBUG_INFORMATION_FORMAT = "dwarf-with-dsym";
				ENABLE_NS_ASSERTIONS = NO;
				ENABLE_STRICT_OBJC_MSGSEND = YES;
				GCC_C_LANGUAGE_STANDARD = gnu11;
				GCC_NO_COMMON_BLOCKS = YES;
				GCC_WARN_64_TO_32_BIT_CONVERSION = YES;
				GCC_WARN_ABOUT_RETURN_TYPE = YES_ERROR;
				GCC_WARN_UNDECLARED_SELECTOR = YES;
				GCC_WARN_UNINITIALIZED_AUTOS = YES_AGGRESSIVE;
				GCC_WARN_UNUSED_FUNCTION = YES;
				GCC_WARN_UNUSED_VARIABLE = YES;
				IPHONEOS_DEPLOYMENT_TARGET = 13.6;
				MTL_ENABLE_DEBUG_INFO = NO;
				MTL_FAST_MATH = YES;
				SDKROOT = iphoneos;
				SWIFT_COMPILATION_MODE = wholemodule;
				SWIFT_OPTIMIZATION_LEVEL = "-O";
				VALIDATE_PRODUCT = YES;
			};
			name = Release;
		};
		BE06F25924C166B000B2D809 /* Debug */ = {
			isa = XCBuildConfiguration;
			buildSettings = {
				ASSETCATALOG_COMPILER_APPICON_NAME = AppIcon;
				CODE_SIGN_STYLE = Automatic;
				INFOPLIST_FILE = Tippy/Info.plist;
				LD_RUNPATH_SEARCH_PATHS = (
					"$(inherited)",
					"@executable_path/Frameworks",
				);
				PRODUCT_BUNDLE_IDENTIFIER = com.codePath.Tippy;
				PRODUCT_NAME = "$(TARGET_NAME)";
				SWIFT_VERSION = 5.0;
				TARGETED_DEVICE_FAMILY = "1,2";
			};
			name = Debug;
		};
		BE06F25A24C166B000B2D809 /* Release */ = {
			isa = XCBuildConfiguration;
			buildSettings = {
				ASSETCATALOG_COMPILER_APPICON_NAME = AppIcon;
				CODE_SIGN_STYLE = Automatic;
				INFOPLIST_FILE = Tippy/Info.plist;
				LD_RUNPATH_SEARCH_PATHS = (
					"$(inherited)",
					"@executable_path/Frameworks",
				);
				PRODUCT_BUNDLE_IDENTIFIER = com.codePath.Tippy;
				PRODUCT_NAME = "$(TARGET_NAME)";
				SWIFT_VERSION = 5.0;
				TARGETED_DEVICE_FAMILY = "1,2";
			};
			name = Release;
		};
		BE06F25C24C166B000B2D809 /* Debug */ = {
			isa = XCBuildConfiguration;
			buildSettings = {
				ALWAYS_EMBED_SWIFT_STANDARD_LIBRARIES = YES;
				BUNDLE_LOADER = "$(TEST_HOST)";
				CODE_SIGN_STYLE = Automatic;
				INFOPLIST_FILE = TippyTests/Info.plist;
				IPHONEOS_DEPLOYMENT_TARGET = 13.6;
				LD_RUNPATH_SEARCH_PATHS = (
					"$(inherited)",
					"@executable_path/Frameworks",
					"@loader_path/Frameworks",
				);
				PRODUCT_BUNDLE_IDENTIFIER = com.codePath.TippyTests;
				PRODUCT_NAME = "$(TARGET_NAME)";
				SWIFT_VERSION = 5.0;
				TARGETED_DEVICE_FAMILY = "1,2";
				TEST_HOST = "$(BUILT_PRODUCTS_DIR)/Tippy.app/Tippy";
			};
			name = Debug;
		};
		BE06F25D24C166B000B2D809 /* Release */ = {
			isa = XCBuildConfiguration;
			buildSettings = {
				ALWAYS_EMBED_SWIFT_STANDARD_LIBRARIES = YES;
				BUNDLE_LOADER = "$(TEST_HOST)";
				CODE_SIGN_STYLE = Automatic;
				INFOPLIST_FILE = TippyTests/Info.plist;
				IPHONEOS_DEPLOYMENT_TARGET = 13.6;
				LD_RUNPATH_SEARCH_PATHS = (
					"$(inherited)",
					"@executable_path/Frameworks",
					"@loader_path/Frameworks",
				);
				PRODUCT_BUNDLE_IDENTIFIER = com.codePath.TippyTests;
				PRODUCT_NAME = "$(TARGET_NAME)";
				SWIFT_VERSION = 5.0;
				TARGETED_DEVICE_FAMILY = "1,2";
				TEST_HOST = "$(BUILT_PRODUCTS_DIR)/Tippy.app/Tippy";
			};
			name = Release;
		};
		BE06F25F24C166B000B2D809 /* Debug */ = {
			isa = XCBuildConfiguration;
			buildSettings = {
				ALWAYS_EMBED_SWIFT_STANDARD_LIBRARIES = YES;
				CODE_SIGN_STYLE = Automatic;
				INFOPLIST_FILE = TippyUITests/Info.plist;
				LD_RUNPATH_SEARCH_PATHS = (
					"$(inherited)",
					"@executable_path/Frameworks",
					"@loader_path/Frameworks",
				);
				PRODUCT_BUNDLE_IDENTIFIER = com.codePath.TippyUITests;
				PRODUCT_NAME = "$(TARGET_NAME)";
				SWIFT_VERSION = 5.0;
				TARGETED_DEVICE_FAMILY = "1,2";
				TEST_TARGET_NAME = Tippy;
			};
			name = Debug;
		};
		BE06F26024C166B000B2D809 /* Release */ = {
			isa = XCBuildConfiguration;
			buildSettings = {
				ALWAYS_EMBED_SWIFT_STANDARD_LIBRARIES = YES;
				CODE_SIGN_STYLE = Automatic;
				INFOPLIST_FILE = TippyUITests/Info.plist;
				LD_RUNPATH_SEARCH_PATHS = (
					"$(inherited)",
					"@executable_path/Frameworks",
					"@loader_path/Frameworks",
				);
				PRODUCT_BUNDLE_IDENTIFIER = com.codePath.TippyUITests;
				PRODUCT_NAME = "$(TARGET_NAME)";
				SWIFT_VERSION = 5.0;
				TARGETED_DEVICE_FAMILY = "1,2";
				TEST_TARGET_NAME = Tippy;
			};
			name = Release;
		};
/* End XCBuildConfiguration section */

/* Begin XCConfigurationList section */
		BE06F22924C166AF00B2D809 /* Build configuration list for PBXProject "Tippy" */ = {
			isa = XCConfigurationList;
			buildConfigurations = (
				BE06F25624C166B000B2D809 /* Debug */,
				BE06F25724C166B000B2D809 /* Release */,
			);
			defaultConfigurationIsVisible = 0;
			defaultConfigurationName = Release;
		};
		BE06F25824C166B000B2D809 /* Build configuration list for PBXNativeTarget "Tippy" */ = {
			isa = XCConfigurationList;
			buildConfigurations = (
				BE06F25924C166B000B2D809 /* Debug */,
				BE06F25A24C166B000B2D809 /* Release */,
			);
			defaultConfigurationIsVisible = 0;
			defaultConfigurationName = Release;
		};
		BE06F25B24C166B000B2D809 /* Build configuration list for PBXNativeTarget "TippyTests" */ = {
			isa = XCConfigurationList;
			buildConfigurations = (
				BE06F25C24C166B000B2D809 /* Debug */,
				BE06F25D24C166B000B2D809 /* Release */,
			);
			defaultConfigurationIsVisible = 0;
			defaultConfigurationName = Release;
		};
		BE06F25E24C166B000B2D809 /* Build configuration list for PBXNativeTarget "TippyUITests" */ = {
			isa = XCConfigurationList;
			buildConfigurations = (
				BE06F25F24C166B000B2D809 /* Debug */,
				BE06F26024C166B000B2D809 /* Release */,
			);
			defaultConfigurationIsVisible = 0;
			defaultConfigurationName = Release;
		};
/* End XCConfigurationList section */
	};
	rootObject = BE06F22624C166AF00B2D809 /* Project object */;
}
